// !$*UTF8*$!
{
	archiveVersion = 1;
	classes = {
	};
	objectVersion = 55;
	objects = {

/* Begin PBXBuildFile section */
		B6575EFD271CA57200599268 /* FriendsCell.swift in Sources */ = {isa = PBXBuildFile; fileRef = B6575EFC271CA57200599268 /* FriendsCell.swift */; };
		B6575EFF271CA7D100599268 /* FriendsController.swift in Sources */ = {isa = PBXBuildFile; fileRef = B6575EFE271CA7D100599268 /* FriendsController.swift */; };
		B6AA9991270B757200F61B39 /* AppDelegate.swift in Sources */ = {isa = PBXBuildFile; fileRef = B6AA9990270B757200F61B39 /* AppDelegate.swift */; };
		B6AA9993270B757200F61B39 /* SceneDelegate.swift in Sources */ = {isa = PBXBuildFile; fileRef = B6AA9992270B757200F61B39 /* SceneDelegate.swift */; };
		B6AA9995270B757200F61B39 /* ViewController.swift in Sources */ = {isa = PBXBuildFile; fileRef = B6AA9994270B757200F61B39 /* ViewController.swift */; };
		B6AA9998270B757200F61B39 /* Main.storyboard in Resources */ = {isa = PBXBuildFile; fileRef = B6AA9996270B757200F61B39 /* Main.storyboard */; };
		B6AA999A270B757800F61B39 /* Assets.xcassets in Resources */ = {isa = PBXBuildFile; fileRef = B6AA9999270B757800F61B39 /* Assets.xcassets */; };
		B6AA999D270B757800F61B39 /* LaunchScreen.storyboard in Resources */ = {isa = PBXBuildFile; fileRef = B6AA999B270B757800F61B39 /* LaunchScreen.storyboard */; };
		B6DC90BD271DDBCA00A63D3B /* GroupsController.swift in Sources */ = {isa = PBXBuildFile; fileRef = B6DC90BC271DDBCA00A63D3B /* GroupsController.swift */; };
		B6DC90BF271DDBDE00A63D3B /* GroupsCell.swift in Sources */ = {isa = PBXBuildFile; fileRef = B6DC90BE271DDBDE00A63D3B /* GroupsCell.swift */; };
/* End PBXBuildFile section */

/* Begin PBXFileReference section */
		B6575EFC271CA57200599268 /* FriendsCell.swift */ = {isa = PBXFileReference; lastKnownFileType = sourcecode.swift; path = FriendsCell.swift; sourceTree = "<group>"; };
		B6575EFE271CA7D100599268 /* FriendsController.swift */ = {isa = PBXFileReference; lastKnownFileType = sourcecode.swift; path = FriendsController.swift; sourceTree = "<group>"; };
		B6AA998D270B757200F61B39 /* Lesson2_1.app */ = {isa = PBXFileReference; explicitFileType = wrapper.application; includeInIndex = 0; path = Lesson2_1.app; sourceTree = BUILT_PRODUCTS_DIR; };
		B6AA9990270B757200F61B39 /* AppDelegate.swift */ = {isa = PBXFileReference; lastKnownFileType = sourcecode.swift; path = AppDelegate.swift; sourceTree = "<group>"; };
		B6AA9992270B757200F61B39 /* SceneDelegate.swift */ = {isa = PBXFileReference; lastKnownFileType = sourcecode.swift; path = SceneDelegate.swift; sourceTree = "<group>"; };
		B6AA9994270B757200F61B39 /* ViewController.swift */ = {isa = PBXFileReference; lastKnownFileType = sourcecode.swift; path = ViewController.swift; sourceTree = "<group>"; };
		B6AA9997270B757200F61B39 /* Base */ = {isa = PBXFileReference; lastKnownFileType = file.storyboard; name = Base; path = Base.lproj/Main.storyboard; sourceTree = "<group>"; };
		B6AA9999270B757800F61B39 /* Assets.xcassets */ = {isa = PBXFileReference; lastKnownFileType = folder.assetcatalog; path = Assets.xcassets; sourceTree = "<group>"; };
		B6AA999C270B757800F61B39 /* Base */ = {isa = PBXFileReference; lastKnownFileType = file.storyboard; name = Base; path = Base.lproj/LaunchScreen.storyboard; sourceTree = "<group>"; };
		B6AA999E270B757800F61B39 /* Info.plist */ = {isa = PBXFileReference; lastKnownFileType = text.plist.xml; path = Info.plist; sourceTree = "<group>"; };
		B6DC90BC271DDBCA00A63D3B /* GroupsController.swift */ = {isa = PBXFileReference; lastKnownFileType = sourcecode.swift; path = GroupsController.swift; sourceTree = "<group>"; };
		B6DC90BE271DDBDE00A63D3B /* GroupsCell.swift */ = {isa = PBXFileReference; lastKnownFileType = sourcecode.swift; path = GroupsCell.swift; sourceTree = "<group>"; };
/* End PBXFileReference section */

/* Begin PBXFrameworksBuildPhase section */
		B6AA998A270B757200F61B39 /* Frameworks */ = {
			isa = PBXFrameworksBuildPhase;
			buildActionMask = 2147483647;
			files = (
			);
			runOnlyForDeploymentPostprocessing = 0;
		};
/* End PBXFrameworksBuildPhase section */

/* Begin PBXGroup section */
		B6575EFB271CA46500599268 /* Friends */ = {
			isa = PBXGroup;
			children = (
				B6575EFC271CA57200599268 /* FriendsCell.swift */,
				B6575EFE271CA7D100599268 /* FriendsController.swift */,
			);
			path = Friends;
			sourceTree = "<group>";
		};
		B6AA9984270B757200F61B39 = {
			isa = PBXGroup;
			children = (
				B6AA998F270B757200F61B39 /* Lesson2_1 */,
				B6AA998E270B757200F61B39 /* Products */,
			);
			sourceTree = "<group>";
		};
		B6AA998E270B757200F61B39 /* Products */ = {
			isa = PBXGroup;
			children = (
				B6AA998D270B757200F61B39 /* Lesson2_1.app */,
			);
			name = Products;
			sourceTree = "<group>";
		};
		B6AA998F270B757200F61B39 /* Lesson2_1 */ = {
			isa = PBXGroup;
			children = (
				B6DC90BB271DDB9F00A63D3B /* Groups */,
				B6DC90BA271DD80E00A63D3B /* Avatars */,
				B6575EFB271CA46500599268 /* Friends */,
				B6AA9990270B757200F61B39 /* AppDelegate.swift */,
				B6AA9992270B757200F61B39 /* SceneDelegate.swift */,
				B6AA9994270B757200F61B39 /* ViewController.swift */,
				B6AA9996270B757200F61B39 /* Main.storyboard */,
				B6AA9999270B757800F61B39 /* Assets.xcassets */,
				B6AA999B270B757800F61B39 /* LaunchScreen.storyboard */,
				B6AA999E270B757800F61B39 /* Info.plist */,
			);
			path = Lesson2_1;
			sourceTree = "<group>";
		};
		B6DC90BA271DD80E00A63D3B /* Avatars */ = {
			isa = PBXGroup;
			children = (
			);
			path = Avatars;
			sourceTree = "<group>";
		};
		B6DC90BB271DDB9F00A63D3B /* Groups */ = {
			isa = PBXGroup;
			children = (
				B6DC90BC271DDBCA00A63D3B /* GroupsController.swift */,
				B6DC90BE271DDBDE00A63D3B /* GroupsCell.swift */,
			);
			path = Groups;
			sourceTree = "<group>";
		};
/* End PBXGroup section */

/* Begin PBXNativeTarget section */
		B6AA998C270B757200F61B39 /* Lesson2_1 */ = {
			isa = PBXNativeTarget;
			buildConfigurationList = B6AA99A1270B757800F61B39 /* Build configuration list for PBXNativeTarget "Lesson2_1" */;
			buildPhases = (
				B6AA9989270B757200F61B39 /* Sources */,
				B6AA998A270B757200F61B39 /* Frameworks */,
				B6AA998B270B757200F61B39 /* Resources */,
			);
			buildRules = (
			);
			dependencies = (
			);
			name = Lesson2_1;
			productName = Lesson2_1;
			productReference = B6AA998D270B757200F61B39 /* Lesson2_1.app */;
			productType = "com.apple.product-type.application";
		};
/* End PBXNativeTarget section */

/* Begin PBXProject section */
		B6AA9985270B757200F61B39 /* Project object */ = {
			isa = PBXProject;
			attributes = {
				BuildIndependentTargetsInParallel = 1;
				LastSwiftUpdateCheck = 1300;
				LastUpgradeCheck = 1300;
				TargetAttributes = {
					B6AA998C270B757200F61B39 = {
						CreatedOnToolsVersion = 13.0;
					};
				};
			};
			buildConfigurationList = B6AA9988270B757200F61B39 /* Build configuration list for PBXProject "Lesson2_1" */;
			compatibilityVersion = "Xcode 13.0";
			developmentRegion = en;
			hasScannedForEncodings = 0;
			knownRegions = (
				en,
				Base,
			);
			mainGroup = B6AA9984270B757200F61B39;
			productRefGroup = B6AA998E270B757200F61B39 /* Products */;
			projectDirPath = "";
			projectRoot = "";
			targets = (
				B6AA998C270B757200F61B39 /* Lesson2_1 */,
			);
		};
/* End PBXProject section */

/* Begin PBXResourcesBuildPhase section */
		B6AA998B270B757200F61B39 /* Resources */ = {
			isa = PBXResourcesBuildPhase;
			buildActionMask = 2147483647;
			files = (
				B6AA999D270B757800F61B39 /* LaunchScreen.storyboard in Resources */,
				B6AA999A270B757800F61B39 /* Assets.xcassets in Resources */,
				B6AA9998270B757200F61B39 /* Main.storyboard in Resources */,
			);
			runOnlyForDeploymentPostprocessing = 0;
		};
/* End PBXResourcesBuildPhase section */

/* Begin PBXSourcesBuildPhase section */
		B6AA9989270B757200F61B39 /* Sources */ = {
			isa = PBXSourcesBuildPhase;
			buildActionMask = 2147483647;
			files = (
				B6AA9995270B757200F61B39 /* ViewController.swift in Sources */,
				B6DC90BD271DDBCA00A63D3B /* GroupsController.swift in Sources */,
				B6575EFF271CA7D100599268 /* FriendsController.swift in Sources */,
				B6AA9991270B757200F61B39 /* AppDelegate.swift in Sources */,
				B6AA9993270B757200F61B39 /* SceneDelegate.swift in Sources */,
				B6DC90BF271DDBDE00A63D3B /* GroupsCell.swift in Sources */,
				B6575EFD271CA57200599268 /* FriendsCell.swift in Sources */,
			);
			runOnlyForDeploymentPostprocessing = 0;
		};
/* End PBXSourcesBuildPhase section */

/* Begin PBXVariantGroup section */
		B6AA9996270B757200F61B39 /* Main.storyboard */ = {
			isa = PBXVariantGroup;
			children = (
				B6AA9997270B757200F61B39 /* Base */,
			);
			name = Main.storyboard;
			sourceTree = "<group>";
		};
		B6AA999B270B757800F61B39 /* LaunchScreen.storyboard */ = {
			isa = PBXVariantGroup;
			children = (
				B6AA999C270B757800F61B39 /* Base */,
			);
			name = LaunchScreen.storyboard;
			sourceTree = "<group>";
		};
/* End PBXVariantGroup section */

/* Begin XCBuildConfiguration section */
		B6AA999F270B757800F61B39 /* Debug */ = {
			isa = XCBuildConfiguration;
			buildSettings = {
				ALWAYS_SEARCH_USER_PATHS = NO;
				CLANG_ANALYZER_NONNULL = YES;
				CLANG_ANALYZER_NUMBER_OBJECT_CONVERSION = YES_AGGRESSIVE;
				CLANG_CXX_LANGUAGE_STANDARD = "gnu++17";
				CLANG_CXX_LIBRARY = "libc++";
				CLANG_ENABLE_MODULES = YES;
				CLANG_ENABLE_OBJC_ARC = YES;
				CLANG_ENABLE_OBJC_WEAK = YES;
				CLANG_WARN_BLOCK_CAPTURE_AUTORELEASING = YES;
				CLANG_WARN_BOOL_CONVERSION = YES;
				CLANG_WARN_COMMA = YES;
				CLANG_WARN_CONSTANT_CONVERSION = YES;
				CLANG_WARN_DEPRECATED_OBJC_IMPLEMENTATIONS = YES;
				CLANG_WARN_DIRECT_OBJC_ISA_USAGE = YES_ERROR;
				CLANG_WARN_DOCUMENTATION_COMMENTS = YES;
				CLANG_WARN_EMPTY_BODY = YES;
				CLANG_WARN_ENUM_CONVERSION = YES;
				CLANG_WARN_INFINITE_RECURSION = YES;
				CLANG_WARN_INT_CONVERSION = YES;
				CLANG_WARN_NON_LITERAL_NULL_CONVERSION = YES;
				CLANG_WARN_OBJC_IMPLICIT_RETAIN_SELF = YES;
				CLANG_WARN_OBJC_LITERAL_CONVERSION = YES;
				CLANG_WARN_OBJC_ROOT_CLASS = YES_ERROR;
				CLANG_WARN_QUOTED_INCLUDE_IN_FRAMEWORK_HEADER = YES;
				CLANG_WARN_RANGE_LOOP_ANALYSIS = YES;
				CLANG_WARN_STRICT_PROTOTYPES = YES;
				CLANG_WARN_SUSPICIOUS_MOVE = YES;
				CLANG_WARN_UNGUARDED_AVAILABILITY = YES_AGGRESSIVE;
				CLANG_WARN_UNREACHABLE_CODE = YES;
				CLANG_WARN__DUPLICATE_METHOD_MATCH = YES;
				COPY_PHASE_STRIP = NO;
				DEBUG_INFORMATION_FORMAT = dwarf;
				ENABLE_STRICT_OBJC_MSGSEND = YES;
				ENABLE_TESTABILITY = YES;
				GCC_C_LANGUAGE_STANDARD = gnu11;
				GCC_DYNAMIC_NO_PIC = NO;
				GCC_NO_COMMON_BLOCKS = YES;
				GCC_OPTIMIZATION_LEVEL = 0;
				GCC_PREPROCESSOR_DEFINITIONS = (
					"DEBUG=1",
					"$(inherited)",
				);
				GCC_WARN_64_TO_32_BIT_CONVERSION = YES;
				GCC_WARN_ABOUT_RETURN_TYPE = YES_ERROR;
				GCC_WARN_UNDECLARED_SELECTOR = YES;
				GCC_WARN_UNINITIALIZED_AUTOS = YES_AGGRESSIVE;
				GCC_WARN_UNUSED_FUNCTION = YES;
				GCC_WARN_UNUSED_VARIABLE = YES;
				IPHONEOS_DEPLOYMENT_TARGET = 15.0;
				MTL_ENABLE_DEBUG_INFO = INCLUDE_SOURCE;
				MTL_FAST_MATH = YES;
				ONLY_ACTIVE_ARCH = YES;
				SDKROOT = iphoneos;
				SWIFT_ACTIVE_COMPILATION_CONDITIONS = DEBUG;
				SWIFT_OPTIMIZATION_LEVEL = "-Onone";
			};
			name = Debug;
		};
		B6AA99A0270B757800F61B39 /* Release */ = {
			isa = XCBuildConfiguration;
			buildSettings = {
				ALWAYS_SEARCH_USER_PATHS = NO;
				CLANG_ANALYZER_NONNULL = YES;
				CLANG_ANALYZER_NUMBER_OBJECT_CONVERSION = YES_AGGRESSIVE;
				CLANG_CXX_LANGUAGE_STANDARD = "gnu++17";
				CLANG_CXX_LIBRARY = "libc++";
				CLANG_ENABLE_MODULES = YES;
				CLANG_ENABLE_OBJC_ARC = YES;
				CLANG_ENABLE_OBJC_WEAK = YES;
				CLANG_WARN_BLOCK_CAPTURE_AUTORELEASING = YES;
				CLANG_WARN_BOOL_CONVERSION = YES;
				CLANG_WARN_COMMA = YES;
				CLANG_WARN_CONSTANT_CONVERSION = YES;
				CLANG_WARN_DEPRECATED_OBJC_IMPLEMENTATIONS = YES;
				CLANG_WARN_DIRECT_OBJC_ISA_USAGE = YES_ERROR;
				CLANG_WARN_DOCUMENTATION_COMMENTS = YES;
				CLANG_WARN_EMPTY_BODY = YES;
				CLANG_WARN_ENUM_CONVERSION = YES;
				CLANG_WARN_INFINITE_RECURSION = YES;
				CLANG_WARN_INT_CONVERSION = YES;
				CLANG_WARN_NON_LITERAL_NULL_CONVERSION = YES;
				CLANG_WARN_OBJC_IMPLICIT_RETAIN_SELF = YES;
				CLANG_WARN_OBJC_LITERAL_CONVERSION = YES;
				CLANG_WARN_OBJC_ROOT_CLASS = YES_ERROR;
				CLANG_WARN_QUOTED_INCLUDE_IN_FRAMEWORK_HEADER = YES;
				CLANG_WARN_RANGE_LOOP_ANALYSIS = YES;
				CLANG_WARN_STRICT_PROTOTYPES = YES;
				CLANG_WARN_SUSPICIOUS_MOVE = YES;
				CLANG_WARN_UNGUARDED_AVAILABILITY = YES_AGGRESSIVE;
				CLANG_WARN_UNREACHABLE_CODE = YES;
				CLANG_WARN__DUPLICATE_METHOD_MATCH = YES;
				COPY_PHASE_STRIP = NO;
				DEBUG_INFORMATION_FORMAT = "dwarf-with-dsym";
				ENABLE_NS_ASSERTIONS = NO;
				ENABLE_STRICT_OBJC_MSGSEND = YES;
				GCC_C_LANGUAGE_STANDARD = gnu11;
				GCC_NO_COMMON_BLOCKS = YES;
				GCC_WARN_64_TO_32_BIT_CONVERSION = YES;
				GCC_WARN_ABOUT_RETURN_TYPE = YES_ERROR;
				GCC_WARN_UNDECLARED_SELECTOR = YES;
				GCC_WARN_UNINITIALIZED_AUTOS = YES_AGGRESSIVE;
				GCC_WARN_UNUSED_FUNCTION = YES;
				GCC_WARN_UNUSED_VARIABLE = YES;
				IPHONEOS_DEPLOYMENT_TARGET = 15.0;
				MTL_ENABLE_DEBUG_INFO = NO;
				MTL_FAST_MATH = YES;
				SDKROOT = iphoneos;
				SWIFT_COMPILATION_MODE = wholemodule;
				SWIFT_OPTIMIZATION_LEVEL = "-O";
				VALIDATE_PRODUCT = YES;
			};
			name = Release;
		};
		B6AA99A2270B757800F61B39 /* Debug */ = {
			isa = XCBuildConfiguration;
			buildSettings = {
				ASSETCATALOG_COMPILER_APPICON_NAME = AppIcon;
				ASSETCATALOG_COMPILER_GLOBAL_ACCENT_COLOR_NAME = AccentColor;
				CODE_SIGN_STYLE = Automatic;
				CURRENT_PROJECT_VERSION = 1;
				DEVELOPMENT_TEAM = 2RAN9XS5AV;
				GENERATE_INFOPLIST_FILE = YES;
				INFOPLIST_FILE = Lesson2_1/Info.plist;
				INFOPLIST_KEY_UIApplicationSupportsIndirectInputEvents = YES;
				INFOPLIST_KEY_UILaunchStoryboardName = LaunchScreen;
				INFOPLIST_KEY_UIMainStoryboardFile = Main;
				INFOPLIST_KEY_UISupportedInterfaceOrientations = UIInterfaceOrientationPortrait;
				INFOPLIST_KEY_UISupportedInterfaceOrientations_iPad = "UIInterfaceOrientationPortrait UIInterfaceOrientationPortraitUpsideDown UIInterfaceOrientationLandscapeLeft UIInterfaceOrientationLandscapeRight";
				INFOPLIST_KEY_UISupportedInterfaceOrientations_iPhone = "UIInterfaceOrientationPortrait UIInterfaceOrientationLandscapeLeft UIInterfaceOrientationLandscapeRight";
				LD_RUNPATH_SEARCH_PATHS = (
					"$(inherited)",
					"@executable_path/Frameworks",
				);
				MARKETING_VERSION = 1.0;
				PRODUCT_BUNDLE_IDENTIFIER = "GBCourse2021.Lesson2-1";
				PRODUCT_NAME = "$(TARGET_NAME)";
				SWIFT_EMIT_LOC_STRINGS = YES;
				SWIFT_VERSION = 5.0;
				TARGETED_DEVICE_FAMILY = "1,2";
			};
			name = Debug;
		};
		B6AA99A3270B757800F61B39 /* Release */ = {
			isa = XCBuildConfiguration;
			buildSettings = {
				ASSETCATALOG_COMPILER_APPICON_NAME = AppIcon;
				ASSETCATALOG_COMPILER_GLOBAL_ACCENT_COLOR_NAME = AccentColor;
				CODE_SIGN_STYLE = Automatic;
				CURRENT_PROJECT_VERSION = 1;
				DEVELOPMENT_TEAM = 2RAN9XS5AV;
				GENERATE_INFOPLIST_FILE = YES;
				INFOPLIST_FILE = Lesson2_1/Info.plist;
				INFOPLIST_KEY_UIApplicationSupportsIndirectInputEvents = YES;
				INFOPLIST_KEY_UILaunchStoryboardName = LaunchScreen;
				INFOPLIST_KEY_UIMainStoryboardFile = Main;
				INFOPLIST_KEY_UISupportedInterfaceOrientations = UIInterfaceOrientationPortrait;
				INFOPLIST_KEY_UISupportedInterfaceOrientations_iPad = "UIInterfaceOrientationPortrait UIInterfaceOrientationPortraitUpsideDown UIInterfaceOrientationLandscapeLeft UIInterfaceOrientationLandscapeRight";
				INFOPLIST_KEY_UISupportedInterfaceOrientations_iPhone = "UIInterfaceOrientationPortrait UIInterfaceOrientationLandscapeLeft UIInterfaceOrientationLandscapeRight";
				LD_RUNPATH_SEARCH_PATHS = (
					"$(inherited)",
					"@executable_path/Frameworks",
				);
				MARKETING_VERSION = 1.0;
				PRODUCT_BUNDLE_IDENTIFIER = "GBCourse2021.Lesson2-1";
				PRODUCT_NAME = "$(TARGET_NAME)";
				SWIFT_EMIT_LOC_STRINGS = YES;
				SWIFT_VERSION = 5.0;
				TARGETED_DEVICE_FAMILY = "1,2";
			};
			name = Release;
		};
/* End XCBuildConfiguration section */

/* Begin XCConfigurationList section */
		B6AA9988270B757200F61B39 /* Build configuration list for PBXProject "Lesson2_1" */ = {
			isa = XCConfigurationList;
			buildConfigurations = (
				B6AA999F270B757800F61B39 /* Debug */,
				B6AA99A0270B757800F61B39 /* Release */,
			);
			defaultConfigurationIsVisible = 0;
			defaultConfigurationName = Release;
		};
		B6AA99A1270B757800F61B39 /* Build configuration list for PBXNativeTarget "Lesson2_1" */ = {
			isa = XCConfigurationList;
			buildConfigurations = (
				B6AA99A2270B757800F61B39 /* Debug */,
				B6AA99A3270B757800F61B39 /* Release */,
			);
			defaultConfigurationIsVisible = 0;
			defaultConfigurationName = Release;
		};
/* End XCConfigurationList section */
	};
	rootObject = B6AA9985270B757200F61B39 /* Project object */;
}
